{
    "_readme": [
        "This file locks the dependencies of your project to a known state",
        "Read more about it at https://getcomposer.org/doc/01-basic-usage.md#composer-lock-the-lock-file",
        "This file is @generated automatically"
    ],
    "content-hash": "3adc7d9e1437bf33e0a10ece4e9a2f9b",
    "packages": [
        {
            "name": "doctrine/annotations",
            "version": "v1.6.0",
            "source": {
                "type": "git",
                "url": "https://github.com/doctrine/annotations.git",
                "reference": "c7f2050c68a9ab0bdb0f98567ec08d80ea7d24d5"
            },
            "dist": {
                "type": "zip",
                "url": "https://api.github.com/repos/doctrine/annotations/zipball/c7f2050c68a9ab0bdb0f98567ec08d80ea7d24d5",
                "reference": "c7f2050c68a9ab0bdb0f98567ec08d80ea7d24d5",
                "shasum": ""
            },
            "require": {
                "doctrine/lexer": "1.*",
                "php": "^7.1"
            },
            "require-dev": {
                "doctrine/cache": "1.*",
                "phpunit/phpunit": "^6.4"
            },
            "type": "library",
            "extra": {
                "branch-alias": {
                    "dev-master": "1.6.x-dev"
                }
            },
            "autoload": {
                "psr-4": {
                    "Doctrine\\Common\\Annotations\\": "lib/Doctrine/Common/Annotations"
                }
            },
            "notification-url": "https://packagist.org/downloads/",
            "license": [
                "MIT"
            ],
            "authors": [
                {
                    "name": "Roman Borschel",
                    "email": "roman@code-factory.org"
                },
                {
                    "name": "Benjamin Eberlei",
                    "email": "kontakt@beberlei.de"
                },
                {
                    "name": "Guilherme Blanco",
                    "email": "guilhermeblanco@gmail.com"
                },
                {
                    "name": "Jonathan Wage",
                    "email": "jonwage@gmail.com"
                },
                {
                    "name": "Johannes Schmitt",
                    "email": "schmittjoh@gmail.com"
                }
            ],
            "description": "Docblock Annotations Parser",
            "homepage": "http://www.doctrine-project.org",
            "keywords": [
                "annotations",
                "docblock",
                "parser"
            ],
            "time": "2017-12-06T07:11:42+00:00"
        },
        {
            "name": "doctrine/cache",
            "version": "v1.7.1",
            "source": {
                "type": "git",
                "url": "https://github.com/doctrine/cache.git",
                "reference": "b3217d58609e9c8e661cd41357a54d926c4a2a1a"
            },
            "dist": {
                "type": "zip",
                "url": "https://api.github.com/repos/doctrine/cache/zipball/b3217d58609e9c8e661cd41357a54d926c4a2a1a",
                "reference": "b3217d58609e9c8e661cd41357a54d926c4a2a1a",
                "shasum": ""
            },
            "require": {
                "php": "~7.1"
            },
            "conflict": {
                "doctrine/common": ">2.2,<2.4"
            },
            "require-dev": {
                "alcaeus/mongo-php-adapter": "^1.1",
                "mongodb/mongodb": "^1.1",
                "phpunit/phpunit": "^5.7",
                "predis/predis": "~1.0"
            },
            "suggest": {
                "alcaeus/mongo-php-adapter": "Required to use legacy MongoDB driver"
            },
            "type": "library",
            "extra": {
                "branch-alias": {
                    "dev-master": "1.7.x-dev"
                }
            },
            "autoload": {
                "psr-4": {
                    "Doctrine\\Common\\Cache\\": "lib/Doctrine/Common/Cache"
                }
            },
            "notification-url": "https://packagist.org/downloads/",
            "license": [
                "MIT"
            ],
            "authors": [
                {
                    "name": "Roman Borschel",
                    "email": "roman@code-factory.org"
                },
                {
                    "name": "Benjamin Eberlei",
                    "email": "kontakt@beberlei.de"
                },
                {
                    "name": "Guilherme Blanco",
                    "email": "guilhermeblanco@gmail.com"
                },
                {
                    "name": "Jonathan Wage",
                    "email": "jonwage@gmail.com"
                },
                {
                    "name": "Johannes Schmitt",
                    "email": "schmittjoh@gmail.com"
                }
            ],
            "description": "Caching library offering an object-oriented API for many cache backends",
            "homepage": "http://www.doctrine-project.org",
            "keywords": [
                "cache",
                "caching"
            ],
            "time": "2017-08-25T07:02:50+00:00"
        },
        {
            "name": "doctrine/collections",
            "version": "v1.5.0",
            "source": {
                "type": "git",
                "url": "https://github.com/doctrine/collections.git",
                "reference": "a01ee38fcd999f34d9bfbcee59dbda5105449cbf"
            },
            "dist": {
                "type": "zip",
                "url": "https://api.github.com/repos/doctrine/collections/zipball/a01ee38fcd999f34d9bfbcee59dbda5105449cbf",
                "reference": "a01ee38fcd999f34d9bfbcee59dbda5105449cbf",
                "shasum": ""
            },
            "require": {
                "php": "^7.1"
            },
            "require-dev": {
                "doctrine/coding-standard": "~0.1@dev",
                "phpunit/phpunit": "^5.7"
            },
            "type": "library",
            "extra": {
                "branch-alias": {
                    "dev-master": "1.3.x-dev"
                }
            },
            "autoload": {
                "psr-0": {
                    "Doctrine\\Common\\Collections\\": "lib/"
                }
            },
            "notification-url": "https://packagist.org/downloads/",
            "license": [
                "MIT"
            ],
            "authors": [
                {
                    "name": "Roman Borschel",
                    "email": "roman@code-factory.org"
                },
                {
                    "name": "Benjamin Eberlei",
                    "email": "kontakt@beberlei.de"
                },
                {
                    "name": "Guilherme Blanco",
                    "email": "guilhermeblanco@gmail.com"
                },
                {
                    "name": "Jonathan Wage",
                    "email": "jonwage@gmail.com"
                },
                {
                    "name": "Johannes Schmitt",
                    "email": "schmittjoh@gmail.com"
                }
            ],
            "description": "Collections Abstraction library",
            "homepage": "http://www.doctrine-project.org",
            "keywords": [
                "array",
                "collections",
                "iterator"
            ],
            "time": "2017-07-22T10:37:32+00:00"
        },
        {
            "name": "doctrine/common",
            "version": "v2.8.1",
            "source": {
                "type": "git",
                "url": "https://github.com/doctrine/common.git",
                "reference": "f68c297ce6455e8fd794aa8ffaf9fa458f6ade66"
            },
            "dist": {
                "type": "zip",
                "url": "https://api.github.com/repos/doctrine/common/zipball/f68c297ce6455e8fd794aa8ffaf9fa458f6ade66",
                "reference": "f68c297ce6455e8fd794aa8ffaf9fa458f6ade66",
                "shasum": ""
            },
            "require": {
                "doctrine/annotations": "1.*",
                "doctrine/cache": "1.*",
                "doctrine/collections": "1.*",
                "doctrine/inflector": "1.*",
                "doctrine/lexer": "1.*",
                "php": "~7.1"
            },
            "require-dev": {
                "phpunit/phpunit": "^5.7"
            },
            "type": "library",
            "extra": {
                "branch-alias": {
                    "dev-master": "2.8.x-dev"
                }
            },
            "autoload": {
                "psr-4": {
                    "Doctrine\\Common\\": "lib/Doctrine/Common"
                }
            },
            "notification-url": "https://packagist.org/downloads/",
            "license": [
                "MIT"
            ],
            "authors": [
                {
                    "name": "Roman Borschel",
                    "email": "roman@code-factory.org"
                },
                {
                    "name": "Benjamin Eberlei",
                    "email": "kontakt@beberlei.de"
                },
                {
                    "name": "Guilherme Blanco",
                    "email": "guilhermeblanco@gmail.com"
                },
                {
                    "name": "Jonathan Wage",
                    "email": "jonwage@gmail.com"
                },
                {
                    "name": "Johannes Schmitt",
                    "email": "schmittjoh@gmail.com"
                }
            ],
            "description": "Common Library for Doctrine projects",
            "homepage": "http://www.doctrine-project.org",
            "keywords": [
                "annotations",
                "collections",
                "eventmanager",
                "persistence",
                "spl"
            ],
            "time": "2017-08-31T08:43:38+00:00"
        },
        {
            "name": "doctrine/dbal",
            "version": "v2.6.3",
            "source": {
                "type": "git",
                "url": "https://github.com/doctrine/dbal.git",
                "reference": "e3eed9b1facbb0ced3a0995244843a189e7d1b13"
            },
            "dist": {
                "type": "zip",
                "url": "https://api.github.com/repos/doctrine/dbal/zipball/e3eed9b1facbb0ced3a0995244843a189e7d1b13",
                "reference": "e3eed9b1facbb0ced3a0995244843a189e7d1b13",
                "shasum": ""
            },
            "require": {
                "doctrine/common": "^2.7.1",
                "ext-pdo": "*",
                "php": "^7.1"
            },
            "require-dev": {
                "phpunit/phpunit": "^5.4.6",
                "phpunit/phpunit-mock-objects": "!=3.2.4,!=3.2.5",
                "symfony/console": "2.*||^3.0"
            },
            "suggest": {
                "symfony/console": "For helpful console commands such as SQL execution and import of files."
            },
            "bin": [
                "bin/doctrine-dbal"
            ],
            "type": "library",
            "extra": {
                "branch-alias": {
                    "dev-master": "2.6.x-dev"
                }
            },
            "autoload": {
                "psr-0": {
                    "Doctrine\\DBAL\\": "lib/"
                }
            },
            "notification-url": "https://packagist.org/downloads/",
            "license": [
                "MIT"
            ],
            "authors": [
                {
                    "name": "Roman Borschel",
                    "email": "roman@code-factory.org"
                },
                {
                    "name": "Benjamin Eberlei",
                    "email": "kontakt@beberlei.de"
                },
                {
                    "name": "Guilherme Blanco",
                    "email": "guilhermeblanco@gmail.com"
                },
                {
                    "name": "Jonathan Wage",
                    "email": "jonwage@gmail.com"
                }
            ],
            "description": "Database Abstraction Layer",
            "homepage": "http://www.doctrine-project.org",
            "keywords": [
                "database",
                "dbal",
                "persistence",
                "queryobject"
            ],
            "time": "2017-11-19T13:38:54+00:00"
        },
        {
            "name": "doctrine/inflector",
            "version": "v1.2.0",
            "source": {
                "type": "git",
                "url": "https://github.com/doctrine/inflector.git",
                "reference": "e11d84c6e018beedd929cff5220969a3c6d1d462"
            },
            "dist": {
                "type": "zip",
                "url": "https://api.github.com/repos/doctrine/inflector/zipball/e11d84c6e018beedd929cff5220969a3c6d1d462",
                "reference": "e11d84c6e018beedd929cff5220969a3c6d1d462",
                "shasum": ""
            },
            "require": {
                "php": "^7.0"
            },
            "require-dev": {
                "phpunit/phpunit": "^6.2"
            },
            "type": "library",
            "extra": {
                "branch-alias": {
                    "dev-master": "1.2.x-dev"
                }
            },
            "autoload": {
                "psr-4": {
                    "Doctrine\\Common\\Inflector\\": "lib/Doctrine/Common/Inflector"
                }
            },
            "notification-url": "https://packagist.org/downloads/",
            "license": [
                "MIT"
            ],
            "authors": [
                {
                    "name": "Roman Borschel",
                    "email": "roman@code-factory.org"
                },
                {
                    "name": "Benjamin Eberlei",
                    "email": "kontakt@beberlei.de"
                },
                {
                    "name": "Guilherme Blanco",
                    "email": "guilhermeblanco@gmail.com"
                },
                {
                    "name": "Jonathan Wage",
                    "email": "jonwage@gmail.com"
                },
                {
                    "name": "Johannes Schmitt",
                    "email": "schmittjoh@gmail.com"
                }
            ],
            "description": "Common String Manipulations with regard to casing and singular/plural rules.",
            "homepage": "http://www.doctrine-project.org",
            "keywords": [
                "inflection",
                "pluralize",
                "singularize",
                "string"
            ],
            "time": "2017-07-22T12:18:28+00:00"
        },
        {
            "name": "doctrine/lexer",
            "version": "v1.0.1",
            "source": {
                "type": "git",
                "url": "https://github.com/doctrine/lexer.git",
                "reference": "83893c552fd2045dd78aef794c31e694c37c0b8c"
            },
            "dist": {
                "type": "zip",
                "url": "https://api.github.com/repos/doctrine/lexer/zipball/83893c552fd2045dd78aef794c31e694c37c0b8c",
                "reference": "83893c552fd2045dd78aef794c31e694c37c0b8c",
                "shasum": ""
            },
            "require": {
                "php": ">=5.3.2"
            },
            "type": "library",
            "extra": {
                "branch-alias": {
                    "dev-master": "1.0.x-dev"
                }
            },
            "autoload": {
                "psr-0": {
                    "Doctrine\\Common\\Lexer\\": "lib/"
                }
            },
            "notification-url": "https://packagist.org/downloads/",
            "license": [
                "MIT"
            ],
            "authors": [
                {
                    "name": "Roman Borschel",
                    "email": "roman@code-factory.org"
                },
                {
                    "name": "Guilherme Blanco",
                    "email": "guilhermeblanco@gmail.com"
                },
                {
                    "name": "Johannes Schmitt",
                    "email": "schmittjoh@gmail.com"
                }
            ],
            "description": "Base library for a lexer that can be used in Top-Down, Recursive Descent Parsers.",
            "homepage": "http://www.doctrine-project.org",
            "keywords": [
                "lexer",
                "parser"
            ],
            "time": "2014-09-09T13:34:57+00:00"
        },
        {
            "name": "eskirex/config",
            "version": "dev-master",
            "source": {
                "type": "git",
                "url": "https://github.com/eskirex/config.git",
                "reference": "33a8d503ca8b4fc74ad25a116f6cc7e44e9059b5"
            },
            "dist": {
                "type": "zip",
                "url": "https://api.github.com/repos/eskirex/config/zipball/33a8d503ca8b4fc74ad25a116f6cc7e44e9059b5",
                "reference": "33a8d503ca8b4fc74ad25a116f6cc7e44e9059b5",
                "shasum": ""
            },
            "require": {
                "eskirex/dotify": "dev-master",
                "php": "^7.1.3"
            },
            "type": "library",
            "autoload": {
                "psr-4": {
                    "Eskirex\\Component\\Config\\": "src"
                },
                "files": [
                    "src/helpers.php"
                ]
            },
            "notification-url": "https://packagist.org/downloads/",
            "license": [
                "MIT"
            ],
            "authors": [
                {
                    "name": "Eskirex",
                    "email": "eskirex@gmail.com"
                }
            ],
            "description": "Eskirex Config Component",
            "homepage": "http://www.eskirex.com",
            "time": "2017-12-24T14:06:32+00:00"
        },
        {
            "name": "eskirex/console",
            "version": "dev-master",
            "source": {
                "type": "git",
                "url": "https://github.com/eskirex/console.git",
                "reference": "9e46b168ee9ac1395836b99dd358b69e59ac028d"
            },
            "dist": {
                "type": "zip",
                "url": "https://api.github.com/repos/eskirex/console/zipball/9e46b168ee9ac1395836b99dd358b69e59ac028d",
                "reference": "9e46b168ee9ac1395836b99dd358b69e59ac028d",
                "shasum": ""
            },
            "require": {
                "php": "^7.1.3",
                "symfony/console": "^4.0"
            },
            "type": "library",
            "autoload": {
                "psr-4": {
                    "Eskirex\\Component\\Console\\": "src"
                },
                "files": [
                    "src/helpers.php"
                ]
            },
            "notification-url": "https://packagist.org/downloads/",
            "license": [
                "MIT"
            ],
            "authors": [
                {
                    "name": "Eskirex",
                    "email": "eskirex@gmail.com"
                }
            ],
            "description": "Eskirex Console Component",
            "homepage": "http://www.eskirex.com",
            "time": "2017-12-29T13:15:24+00:00"
        },
        {
            "name": "eskirex/dotify",
            "version": "dev-master",
            "source": {
                "type": "git",
                "url": "https://github.com/eskirex/dotify.git",
                "reference": "3538e611a548f166c02db0538e78b69fba57a9bf"
            },
            "dist": {
                "type": "zip",
                "url": "https://api.github.com/repos/eskirex/dotify/zipball/3538e611a548f166c02db0538e78b69fba57a9bf",
                "reference": "3538e611a548f166c02db0538e78b69fba57a9bf",
                "shasum": ""
            },
            "require": {
                "php": "^7.1.3"
            },
            "type": "library",
            "autoload": {
                "psr-4": {
                    "Eskirex\\Component\\Dotify\\": "src"
                },
                "files": [
                    "src/helpers.php"
                ]
            },
            "notification-url": "https://packagist.org/downloads/",
            "license": [
                "MIT"
            ],
            "authors": [
                {
                    "name": "Eskirex",
                    "email": "eskirex@gmail.com"
                }
            ],
            "description": "Eskirex Dotify Component",
            "homepage": "http://www.eskirex.com",
            "time": "2017-12-24T11:20:42+00:00"
        },
        {
            "name": "eskirex/helper",
            "version": "dev-master",
            "source": {
                "type": "git",
                "url": "https://github.com/eskirex/helper.git",
                "reference": "1c8ce2d567d7d1dcebd4c52659cfa3d199d72d9d"
            },
            "dist": {
                "type": "zip",
                "url": "https://api.github.com/repos/eskirex/helper/zipball/1c8ce2d567d7d1dcebd4c52659cfa3d199d72d9d",
                "reference": "1c8ce2d567d7d1dcebd4c52659cfa3d199d72d9d",
                "shasum": ""
            },
            "require": {
                "php": "^7.1.3"
            },
            "type": "library",
            "autoload": {
                "psr-4": {
                    "Eskirex\\Component\\Helper\\": "src"
                },
                "files": [
                    "src/defines.php",
                    "src/functions.php"
                ]
            },
            "notification-url": "https://packagist.org/downloads/",
            "license": [
                "MIT"
            ],
            "authors": [
                {
                    "name": "Eskirex",
                    "email": "eskirex@gmail.com"
                }
            ],
            "description": "Eskirex Helper Component",
            "homepage": "http://www.eskirex.com",
            "time": "2018-01-21T12:49:45+00:00"
        },
        {
            "name": "eskirex/http",
            "version": "dev-master",
            "source": {
                "type": "git",
                "url": "https://github.com/eskirex/http.git",
                "reference": "421d9d994a0efac8551c07d8ed9b1d3a41368d20"
            },
            "dist": {
                "type": "zip",
                "url": "https://api.github.com/repos/eskirex/http/zipball/421d9d994a0efac8551c07d8ed9b1d3a41368d20",
                "reference": "421d9d994a0efac8551c07d8ed9b1d3a41368d20",
                "shasum": ""
            },
            "require": {
                "eskirex/dotify": "dev-master",
                "php": "^7.1.3"
            },
            "type": "library",
            "autoload": {
                "psr-4": {
                    "Eskirex\\Component\\HTTP\\": "src"
                },
                "files": [
                    "src/helpers.php"
                ]
            },
            "notification-url": "https://packagist.org/downloads/",
            "license": [
                "MIT"
            ],
            "authors": [
                {
                    "name": "Eskirex",
                    "email": "eskirex@gmail.com"
                }
            ],
            "description": "Eskirex HTTP Component",
            "homepage": "http://www.eskirex.com",
            "time": "2017-12-24T14:06:07+00:00"
        },
        {
            "name": "eskirex/session",
            "version": "dev-master",
            "source": {
                "type": "git",
                "url": "https://github.com/eskirex/session.git",
                "reference": "3da2ca8c83d3c124b16fee2ad45c8e967c87cd63"
            },
            "dist": {
                "type": "zip",
                "url": "https://api.github.com/repos/eskirex/session/zipball/3da2ca8c83d3c124b16fee2ad45c8e967c87cd63",
                "reference": "3da2ca8c83d3c124b16fee2ad45c8e967c87cd63",
                "shasum": ""
            },
            "require": {
                "eskirex/dotify": "dev-master",
                "php": "^7.1.3"
            },
            "type": "library",
            "autoload": {
                "psr-4": {
                    "Eskirex\\Component\\Session\\": "src"
                },
                "files": [
                    "src/helpers.php"
                ]
            },
            "notification-url": "https://packagist.org/downloads/",
            "license": [
                "MIT"
            ],
            "authors": [
                {
                    "name": "Eskirex",
                    "email": "eskirex@gmail.com"
                }
            ],
            "description": "Eskirex Session Component",
            "homepage": "http://www.eskirex.com",
            "time": "2017-12-24T14:06:48+00:00"
        },
        {
            "name": "eskirex/web",
            "version": "dev-master",
            "source": {
                "type": "git",
                "url": "https://github.com/eskirex/web.git",
                "reference": "2debd33c28c0c41ee46ad1d7898913010da5967e"
            },
            "dist": {
                "type": "zip",
                "url": "https://api.github.com/repos/eskirex/web/zipball/2debd33c28c0c41ee46ad1d7898913010da5967e",
                "reference": "2debd33c28c0c41ee46ad1d7898913010da5967e",
                "shasum": ""
            },
            "require": {
                "eskirex/config": "dev-master",
                "eskirex/dotify": "dev-master",
                "eskirex/http": "dev-master",
                "eskirex/session": "dev-master",
                "php": "^7.1.3",
                "twig/twig": "^2.4",
                "wyrihaximus/html-compress": "^1.2"
            },
            "type": "library",
            "autoload": {
                "psr-4": {
                    "Eskirex\\Component\\Web\\": "src"
                },
                "files": [
                    "src/helpers.php"
                ]
            },
            "notification-url": "https://packagist.org/downloads/",
            "license": [
                "MIT"
            ],
            "authors": [
                {
                    "name": "Eskirex",
                    "email": "eskirex@gmail.com"
                }
            ],
            "description": "Eskirex Web Component",
            "homepage": "http://www.eskirex.com",
            "time": "2017-12-24T14:17:18+00:00"
        },
        {
            "name": "linkorb/jsmin-php",
            "version": "1.0.0",
            "source": {
                "type": "git",
                "url": "https://github.com/linkorb/jsmin-php.git",
                "reference": "be85d87fc9c27730e7e9ced742b13010dafc1026"
            },
            "dist": {
                "type": "zip",
                "url": "https://api.github.com/repos/linkorb/jsmin-php/zipball/be85d87fc9c27730e7e9ced742b13010dafc1026",
                "reference": "be85d87fc9c27730e7e9ced742b13010dafc1026",
                "shasum": ""
            },
            "require": {
                "php": ">=5.0.0"
            },
            "type": "library",
            "autoload": {
                "classmap": [
                    "src/"
                ]
            },
            "notification-url": "https://packagist.org/downloads/",
            "license": [
                "MIT"
            ],
            "authors": [
                {
                    "name": "Joost Faassen",
                    "email": "j.faassen@linkorb.com",
                    "role": "Packaging for Composer"
                },
                {
                    "name": "Ryan Grove",
                    "email": "ryan@wonko.com",
                    "role": "PHP port"
                },
                {
                    "name": "Adam Gofort",
                    "email": "aag@adamgoforth.com",
                    "role": "Updates to the PHP port"
                },
                {
                    "name": "Douglas Crockford",
                    "email": "douglas@crockford.com"
                }
            ],
            "description": "Unofficial package of jsmin-php",
            "homepage": "http://www.github.com/linkorb/jsmin-php",
            "keywords": [
                "javascript",
                "jsmin",
                "minify"
            ],
            "time": "2013-03-15T13:16:35+00:00"
        },
        {
            "name": "meenie/javascript-packer",
            "version": "1.1",
            "source": {
                "type": "git",
                "url": "https://github.com/meenie/javascript-packer.git",
                "reference": "dcab0159ae1ed9d7535c034fb8afe1e4c3495d22"
            },
            "dist": {
                "type": "zip",
                "url": "https://api.github.com/repos/meenie/javascript-packer/zipball/dcab0159ae1ed9d7535c034fb8afe1e4c3495d22",
                "reference": "dcab0159ae1ed9d7535c034fb8afe1e4c3495d22",
                "shasum": ""
            },
            "type": "library",
            "autoload": {
                "files": [
                    "class.JavaScriptPacker.php"
                ]
            },
            "notification-url": "https://packagist.org/downloads/",
            "license": [
                "LGPL 2.1"
            ],
            "authors": [
                {
                    "name": "Nicolas Martin",
                    "role": "Developer"
                }
            ],
            "description": "Composer hosted mirror of the PHP Version of Dean Edwards' JavaScript Packer",
            "homepage": "http://joliclic.free.fr/php/javascript-packer/en/",
            "keywords": [
                "javascript packer"
            ],
            "time": "2013-03-25T21:54:33+00:00"
        },
        {
            "name": "natxet/CssMin",
            "version": "v3.0.5",
            "source": {
                "type": "git",
                "url": "https://github.com/natxet/CssMin.git",
                "reference": "9580f5448f05a82c96cfe6c7063a77807d8ec56d"
            },
            "dist": {
                "type": "zip",
                "url": "https://api.github.com/repos/natxet/CssMin/zipball/9580f5448f05a82c96cfe6c7063a77807d8ec56d",
                "reference": "9580f5448f05a82c96cfe6c7063a77807d8ec56d",
                "shasum": ""
            },
            "require": {
                "php": ">=5.0"
            },
            "type": "library",
            "extra": {
                "branch-alias": {
                    "dev-master": "3.0-dev"
                }
            },
            "autoload": {
                "classmap": [
                    "src/"
                ]
            },
            "notification-url": "https://packagist.org/downloads/",
            "license": [
                "MIT"
            ],
            "authors": [
                {
                    "name": "Joe Scylla",
                    "email": "joe.scylla@gmail.com",
                    "homepage": "https://profiles.google.com/joe.scylla"
                }
            ],
            "description": "Minifying CSS",
            "homepage": "http://code.google.com/p/cssmin/",
            "keywords": [
                "css",
                "minify"
            ],
            "time": "2017-10-04T16:54:00+00:00"
        },
        {
            "name": "patchwork/jsqueeze",
            "version": "v2.0.5",
            "source": {
                "type": "git",
                "url": "https://github.com/tchwork/jsqueeze.git",
                "reference": "693d64850eab2ce6a7c8f7cf547e1ab46e69d542"
            },
            "dist": {
                "type": "zip",
                "url": "https://api.github.com/repos/tchwork/jsqueeze/zipball/693d64850eab2ce6a7c8f7cf547e1ab46e69d542",
                "reference": "693d64850eab2ce6a7c8f7cf547e1ab46e69d542",
                "shasum": ""
            },
            "require": {
                "php": ">=5.3.0"
            },
            "type": "library",
            "extra": {
                "branch-alias": {
                    "dev-master": "2.0-dev"
                }
            },
            "autoload": {
                "psr-4": {
                    "Patchwork\\": "src/"
                }
            },
            "notification-url": "https://packagist.org/downloads/",
            "license": [
                "(Apache-2.0 or GPL-2.0)"
            ],
            "authors": [
                {
                    "name": "Nicolas Grekas",
                    "email": "p@tchwork.com"
                }
            ],
            "description": "Efficient JavaScript minification in PHP",
            "homepage": "https://github.com/tchwork/jsqueeze",
            "keywords": [
                "compression",
                "javascript",
                "minification"
            ],
            "time": "2016-04-19T09:28:22+00:00"
        },
        {
            "name": "symfony/console",
            "version": "v4.0.2",
            "source": {
                "type": "git",
                "url": "https://github.com/symfony/console.git",
                "reference": "de8cf039eacdec59d83f7def67e3b8ff5ed46714"
            },
            "dist": {
                "type": "zip",
                "url": "https://api.github.com/repos/symfony/console/zipball/de8cf039eacdec59d83f7def67e3b8ff5ed46714",
                "reference": "de8cf039eacdec59d83f7def67e3b8ff5ed46714",
                "shasum": ""
            },
            "require": {
                "php": "^7.1.3",
                "symfony/polyfill-mbstring": "~1.0"
            },
            "conflict": {
                "symfony/dependency-injection": "<3.4",
                "symfony/process": "<3.3"
            },
            "require-dev": {
                "psr/log": "~1.0",
                "symfony/config": "~3.4|~4.0",
                "symfony/dependency-injection": "~3.4|~4.0",
                "symfony/event-dispatcher": "~3.4|~4.0",
                "symfony/lock": "~3.4|~4.0",
                "symfony/process": "~3.4|~4.0"
            },
            "suggest": {
                "psr/log": "For using the console logger",
                "symfony/event-dispatcher": "",
                "symfony/lock": "",
                "symfony/process": ""
            },
            "type": "library",
            "extra": {
                "branch-alias": {
                    "dev-master": "4.0-dev"
                }
            },
            "autoload": {
                "psr-4": {
                    "Symfony\\Component\\Console\\": ""
                },
                "exclude-from-classmap": [
                    "/Tests/"
                ]
            },
            "notification-url": "https://packagist.org/downloads/",
            "license": [
                "MIT"
            ],
            "authors": [
                {
                    "name": "Fabien Potencier",
                    "email": "fabien@symfony.com"
                },
                {
                    "name": "Symfony Community",
                    "homepage": "https://symfony.com/contributors"
                }
            ],
            "description": "Symfony Console Component",
            "homepage": "https://symfony.com",
            "time": "2017-12-14T19:48:22+00:00"
        },
        {
            "name": "symfony/polyfill-mbstring",
            "version": "v1.6.0",
            "source": {
                "type": "git",
                "url": "https://github.com/symfony/polyfill-mbstring.git",
                "reference": "2ec8b39c38cb16674bbf3fea2b6ce5bf117e1296"
            },
            "dist": {
                "type": "zip",
                "url": "https://api.github.com/repos/symfony/polyfill-mbstring/zipball/2ec8b39c38cb16674bbf3fea2b6ce5bf117e1296",
                "reference": "2ec8b39c38cb16674bbf3fea2b6ce5bf117e1296",
                "shasum": ""
            },
            "require": {
                "php": ">=5.3.3"
            },
            "suggest": {
                "ext-mbstring": "For best performance"
            },
            "type": "library",
            "extra": {
                "branch-alias": {
                    "dev-master": "1.6-dev"
                }
            },
            "autoload": {
                "psr-4": {
                    "Symfony\\Polyfill\\Mbstring\\": ""
                },
                "files": [
                    "bootstrap.php"
                ]
            },
            "notification-url": "https://packagist.org/downloads/",
            "license": [
                "MIT"
            ],
            "authors": [
                {
                    "name": "Nicolas Grekas",
                    "email": "p@tchwork.com"
                },
                {
                    "name": "Symfony Community",
                    "homepage": "https://symfony.com/contributors"
                }
            ],
            "description": "Symfony polyfill for the Mbstring extension",
            "homepage": "https://symfony.com",
            "keywords": [
                "compatibility",
                "mbstring",
                "polyfill",
                "portable",
                "shim"
            ],
            "time": "2017-10-11T12:05:26+00:00"
        },
        {
            "name": "twig/twig",
            "version": "v2.4.4",
            "source": {
                "type": "git",
                "url": "https://github.com/twigphp/Twig.git",
                "reference": "eddb97148ad779f27e670e1e3f19fb323aedafeb"
            },
            "dist": {
                "type": "zip",
                "url": "https://api.github.com/repos/twigphp/Twig/zipball/eddb97148ad779f27e670e1e3f19fb323aedafeb",
                "reference": "eddb97148ad779f27e670e1e3f19fb323aedafeb",
                "shasum": ""
            },
            "require": {
                "php": "^7.0",
                "symfony/polyfill-mbstring": "~1.0"
            },
            "require-dev": {
                "psr/container": "^1.0",
                "symfony/debug": "~2.7",
                "symfony/phpunit-bridge": "~3.3@dev"
            },
            "type": "library",
            "extra": {
                "branch-alias": {
                    "dev-master": "2.4-dev"
                }
            },
            "autoload": {
                "psr-0": {
                    "Twig_": "lib/"
                },
                "psr-4": {
                    "Twig\\": "src/"
                }
            },
            "notification-url": "https://packagist.org/downloads/",
            "license": [
                "BSD-3-Clause"
            ],
            "authors": [
                {
                    "name": "Fabien Potencier",
                    "email": "fabien@symfony.com",
                    "homepage": "http://fabien.potencier.org",
                    "role": "Lead Developer"
                },
                {
                    "name": "Armin Ronacher",
                    "email": "armin.ronacher@active-4.com",
                    "role": "Project Founder"
                },
                {
                    "name": "Twig Team",
                    "homepage": "http://twig.sensiolabs.org/contributors",
                    "role": "Contributors"
                }
            ],
            "description": "Twig, the flexible, fast, and secure template language for PHP",
            "homepage": "http://twig.sensiolabs.org",
            "keywords": [
                "templating"
            ],
            "time": "2017-09-27T18:10:31+00:00"
        },
        {
            "name": "websharks/css-minifier",
            "version": "150820",
            "source": {
                "type": "git",
                "url": "https://github.com/websharks/css-minifier.git",
                "reference": "da1d0254c41e1f59c7337aa444d743e6056046ff"
            },
            "dist": {
                "type": "zip",
                "url": "https://api.github.com/repos/websharks/css-minifier/zipball/da1d0254c41e1f59c7337aa444d743e6056046ff",
                "reference": "da1d0254c41e1f59c7337aa444d743e6056046ff",
                "shasum": ""
            },
            "require": {
                "ext-mbstring": "*",
                "php": ">=5.3"
            },
            "type": "library",
            "autoload": {
                "psr-4": {
                    "WebSharks\\CssMinifier\\": "src/includes/classes"
                }
            },
            "notification-url": "https://packagist.org/downloads/",
            "license": [
                "GPL-3.0+"
            ],
            "authors": [
                {
                    "name": "websharks",
                    "homepage": "http://websharks-inc.com/",
                    "role": "company"
                },
                {
                    "name": "jaswsinc",
                    "homepage": "http://jaswsinc.com/",
                    "role": "developer"
                },
                {
                    "name": "raamdev",
                    "homepage": "http://raam.org/",
                    "role": "developer"
                }
            ],
            "description": "Compresses CSS.",
            "homepage": "https://github.com/websharks/css-minifier",
            "keywords": [
                "compressor",
                "css",
                "websharks"
            ],
            "time": "2015-08-21T03:19:25+00:00"
        },
        {
            "name": "wyrihaximus/html-compress",
            "version": "1.2.1",
            "source": {
                "type": "git",
                "url": "https://github.com/WyriHaximus/HtmlCompress.git",
                "reference": "b51fb7593cde54f364782d13c731b711be7f77b9"
            },
            "dist": {
                "type": "zip",
                "url": "https://api.github.com/repos/WyriHaximus/HtmlCompress/zipball/b51fb7593cde54f364782d13c731b711be7f77b9",
                "reference": "b51fb7593cde54f364782d13c731b711be7f77b9",
                "shasum": ""
            },
            "require": {
                "linkorb/jsmin-php": "1.0.0",
                "meenie/javascript-packer": "1.1",
                "natxet/cssmin": "^3.0",
                "patchwork/jsqueeze": "~1.0|~2.0",
                "php": ">=5.4.0",
                "websharks/css-minifier": "150820"
            },
            "require-dev": {
                "phake/phake": "^1.0",
                "phpunit/phpunit": "^4.0",
                "squizlabs/php_codesniffer": "^1.0",
                "vectorface/dunit": "^2.0"
            },
            "type": "library",
            "autoload": {
                "psr-4": {
                    "WyriHaximus\\HtmlCompress\\": "src/"
                }
            },
            "notification-url": "https://packagist.org/downloads/",
            "license": [
                "MIT"
            ],
            "authors": [
                {
                    "name": "Cees-Jan Kiewiet",
                    "email": "ceesjank@gmail.com",
                    "homepage": "http://wyrihaximus.net/"
                }
            ],
            "description": "Compress/minify your HTML",
            "keywords": [
                "compress",
                "html"
            ],
            "time": "2016-07-26T21:15:52+00:00"
        }
    ],
    "packages-dev": [],
    "aliases": [],
    "minimum-stability": "dev",
    "stability-flags": {
        "eskirex/config": 20,
        "eskirex/web": 20,
        "eskirex/console": 20,
        "eskirex/helper": 20
    },
    "prefer-stable": true,
    "prefer-lowest": false,
    "platform": {
        "php": "^7.1.3"
    },
    "platform-dev": []
}
